Microsoft Visual Studio Solution File, Format Version 10.00
# Visual Studio 2008
Project("{8BC9CEB8-8B4A-11D0-8D11-00A0C91BC942}") = "ALL_BUILD", ".\ALL_BUILD.vcproj", "{61C4DAB5-929F-4791-9C41-B4847CBBF58D}"
	ProjectSection(ProjectDependencies) = postProject
		{6E0FA05C-85A0-4FDA-83A9-014A4797DD0C} = {6E0FA05C-85A0-4FDA-83A9-014A4797DD0C}
		{6A554B77-0482-4ABC-885D-FC3F599CE4C2} = {6A554B77-0482-4ABC-885D-FC3F599CE4C2}
		{74757819-5F00-47ED-9DE0-553FFECEE045} = {74757819-5F00-47ED-9DE0-553FFECEE045}
	EndProjectSection
EndProject
Project("{8BC9CEB8-8B4A-11D0-8D11-00A0C91BC942}") = "INSTALL", ".\INSTALL.vcproj", "{1D6BBBBD-11A2-4B3C-B862-97F4B5E0EACC}"
	ProjectSection(ProjectDependencies) = postProject
		{61C4DAB5-929F-4791-9C41-B4847CBBF58D} = {61C4DAB5-929F-4791-9C41-B4847CBBF58D}
		{6E0FA05C-85A0-4FDA-83A9-014A4797DD0C} = {6E0FA05C-85A0-4FDA-83A9-014A4797DD0C}
	EndProjectSection
EndProject
Project("{8BC9CEB8-8B4A-11D0-8D11-00A0C91BC942}") = "ZERO_CHECK", ".\ZERO_CHECK.vcproj", "{6E0FA05C-85A0-4FDA-83A9-014A4797DD0C}"
	ProjectSection(ProjectDependencies) = postProject
	EndProjectSection
EndProject
Project("{8BC9CEB8-8B4A-11D0-8D11-00A0C91BC942}") = "avida", ".\avida.vcproj", "{6A554B77-0482-4ABC-885D-FC3F599CE4C2}"
	ProjectSection(ProjectDependencies) = postProject
		{74757819-5F00-47ED-9DE0-553FFECEE045} = {74757819-5F00-47ED-9DE0-553FFECEE045}
		{6E0FA05C-85A0-4FDA-83A9-014A4797DD0C} = {6E0FA05C-85A0-4FDA-83A9-014A4797DD0C}
	EndProjectSection
EndProject
Project("{8BC9CEB8-8B4A-11D0-8D11-00A0C91BC942}") = "avidacore", ".\avidacore.vcproj", "{74757819-5F00-47ED-9DE0-553FFECEE045}"
	ProjectSection(ProjectDependencies) = postProject
		{6E0FA05C-85A0-4FDA-83A9-014A4797DD0C} = {6E0FA05C-85A0-4FDA-83A9-014A4797DD0C}
	EndProjectSection
EndProject
Global
	GlobalSection(SolutionConfigurationPlatforms) = preSolution
		Debug|Win32 = Debug|Win32
		Release|Win32 = Release|Win32
		MinSizeRel|Win32 = MinSizeRel|Win32
		RelWithDebInfo|Win32 = RelWithDebInfo|Win32
	EndGlobalSection
	GlobalSection(ProjectConfigurationPlatforms) = postSolution
		{61C4DAB5-929F-4791-9C41-B4847CBBF58D}.Debug|Win32.ActiveCfg = Debug|Win32
		{61C4DAB5-929F-4791-9C41-B4847CBBF58D}.Debug|Win32.Build.0 = Debug|Win32
		{61C4DAB5-929F-4791-9C41-B4847CBBF58D}.Release|Win32.ActiveCfg = Release|Win32
		{61C4DAB5-929F-4791-9C41-B4847CBBF58D}.Release|Win32.Build.0 = Release|Win32
		{61C4DAB5-929F-4791-9C41-B4847CBBF58D}.MinSizeRel|Win32.ActiveCfg = MinSizeRel|Win32
		{61C4DAB5-929F-4791-9C41-B4847CBBF58D}.MinSizeRel|Win32.Build.0 = MinSizeRel|Win32
		{61C4DAB5-929F-4791-9C41-B4847CBBF58D}.RelWithDebInfo|Win32.ActiveCfg = RelWithDebInfo|Win32
		{61C4DAB5-929F-4791-9C41-B4847CBBF58D}.RelWithDebInfo|Win32.Build.0 = RelWithDebInfo|Win32
		{1D6BBBBD-11A2-4B3C-B862-97F4B5E0EACC}.Debug|Win32.ActiveCfg = Debug|Win32
		{1D6BBBBD-11A2-4B3C-B862-97F4B5E0EACC}.Release|Win32.ActiveCfg = Release|Win32
		{1D6BBBBD-11A2-4B3C-B862-97F4B5E0EACC}.MinSizeRel|Win32.ActiveCfg = MinSizeRel|Win32
		{1D6BBBBD-11A2-4B3C-B862-97F4B5E0EACC}.RelWithDebInfo|Win32.ActiveCfg = RelWithDebInfo|Win32
		{6E0FA05C-85A0-4FDA-83A9-014A4797DD0C}.Debug|Win32.ActiveCfg = Debug|Win32
		{6E0FA05C-85A0-4FDA-83A9-014A4797DD0C}.Debug|Win32.Build.0 = Debug|Win32
		{6E0FA05C-85A0-4FDA-83A9-014A4797DD0C}.Release|Win32.ActiveCfg = Release|Win32
		{6E0FA05C-85A0-4FDA-83A9-014A4797DD0C}.Release|Win32.Build.0 = Release|Win32
		{6E0FA05C-85A0-4FDA-83A9-014A4797DD0C}.MinSizeRel|Win32.ActiveCfg = MinSizeRel|Win32
		{6E0FA05C-85A0-4FDA-83A9-014A4797DD0C}.MinSizeRel|Win32.Build.0 = MinSizeRel|Win32
		{6E0FA05C-85A0-4FDA-83A9-014A4797DD0C}.RelWithDebInfo|Win32.ActiveCfg = RelWithDebInfo|Win32
		{6E0FA05C-85A0-4FDA-83A9-014A4797DD0C}.RelWithDebInfo|Win32.Build.0 = RelWithDebInfo|Win32
		{6A554B77-0482-4ABC-885D-FC3F599CE4C2}.Debug|Win32.ActiveCfg = Debug|Win32
		{6A554B77-0482-4ABC-885D-FC3F599CE4C2}.Debug|Win32.Build.0 = Debug|Win32
		{6A554B77-0482-4ABC-885D-FC3F599CE4C2}.Release|Win32.ActiveCfg = Release|Win32
		{6A554B77-0482-4ABC-885D-FC3F599CE4C2}.Release|Win32.Build.0 = Release|Win32
		{6A554B77-0482-4ABC-885D-FC3F599CE4C2}.MinSizeRel|Win32.ActiveCfg = MinSizeRel|Win32
		{6A554B77-0482-4ABC-885D-FC3F599CE4C2}.MinSizeRel|Win32.Build.0 = MinSizeRel|Win32
		{6A554B77-0482-4ABC-885D-FC3F599CE4C2}.RelWithDebInfo|Win32.ActiveCfg = RelWithDebInfo|Win32
		{6A554B77-0482-4ABC-885D-FC3F599CE4C2}.RelWithDebInfo|Win32.Build.0 = RelWithDebInfo|Win32
		{74757819-5F00-47ED-9DE0-553FFECEE045}.Debug|Win32.ActiveCfg = Debug|Win32
		{74757819-5F00-47ED-9DE0-553FFECEE045}.Debug|Win32.Build.0 = Debug|Win32
		{74757819-5F00-47ED-9DE0-553FFECEE045}.Release|Win32.ActiveCfg = Release|Win32
		{74757819-5F00-47ED-9DE0-553FFECEE045}.Release|Win32.Build.0 = Release|Win32
		{74757819-5F00-47ED-9DE0-553FFECEE045}.MinSizeRel|Win32.ActiveCfg = MinSizeRel|Win32
		{74757819-5F00-47ED-9DE0-553FFECEE045}.MinSizeRel|Win32.Build.0 = MinSizeRel|Win32
		{74757819-5F00-47ED-9DE0-553FFECEE045}.RelWithDebInfo|Win32.ActiveCfg = RelWithDebInfo|Win32
		{74757819-5F00-47ED-9DE0-553FFECEE045}.RelWithDebInfo|Win32.Build.0 = RelWithDebInfo|Win32
	EndGlobalSection
	GlobalSection(ExtensibilityGlobals) = postSolution
	EndGlobalSection
	GlobalSection(ExtensibilityAddIns) = postSolution
	EndGlobalSection
EndGlobal
