Microsoft Visual Studio Solution File, Format Version 7.00
Project("{8BC9CEB8-8B4A-11D0-8D11-00A0C91BC942}") = "qt-viewer", "qt_viewer.vcproj", "{341F7ED6-63EA-4C06-92D4-9F1F02A15288}"
EndProject
Global
	GlobalSection(SolutionConfiguration) = preSolution
		ConfigName.0 = Debug
		ConfigName.1 = Release
	EndGlobalSection
	GlobalSection(ProjectDependencies) = postSolution
	EndGlobalSection
	GlobalSection(ProjectConfiguration) = postSolution
		{341F7ED6-63EA-4C06-92D4-9F1F02A15288}.Debug.ActiveCfg = Release|Win32
		{341F7ED6-63EA-4C06-92D4-9F1F02A15288}.Debug.Build.0 = Release|Win32
		{341F7ED6-63EA-4C06-92D4-9F1F02A15288}.Release.ActiveCfg = Release|Win32
		{341F7ED6-63EA-4C06-92D4-9F1F02A15288}.Release.Build.0 = Release|Win32
	EndGlobalSection
	GlobalSection(ExtensibilityGlobals) = postSolution
	EndGlobalSection
	GlobalSection(ExtensibilityAddIns) = postSolution
	EndGlobalSection
EndGlobal
