Microsoft Visual Studio Solution File, Format Version 7.00
Project("{8BC9CEB8-8B4A-11D0-8D11-00A0C91BC942}") = "primitive", "primitive.vcproj", "{D090D0B7-F4CE-4998-9447-665551EC2287}"
EndProject
Global
	GlobalSection(SolutionConfiguration) = preSolution
		ConfigName.0 = primitive-debug
		ConfigName.1 = Release
	EndGlobalSection
	GlobalSection(ProjectDependencies) = postSolution
	EndGlobalSection
	GlobalSection(ProjectConfiguration) = postSolution
		{D090D0B7-F4CE-4998-9447-665551EC2287}.primitive-debug.ActiveCfg = Debug|Win32
		{D090D0B7-F4CE-4998-9447-665551EC2287}.primitive-debug.Build.0 = Debug|Win32
		{D090D0B7-F4CE-4998-9447-665551EC2287}.Release.ActiveCfg = Release|Win32
		{D090D0B7-F4CE-4998-9447-665551EC2287}.Release.Build.0 = Release|Win32
	EndGlobalSection
	GlobalSection(ExtensibilityGlobals) = postSolution
	EndGlobalSection
	GlobalSection(ExtensibilityAddIns) = postSolution
	EndGlobalSection
EndGlobal
